
Microsoft Visual Studio Solution File, Format Version 12.00
# Visual Studio Version 16
VisualStudioVersion = 16.0.30523.141
MinimumVisualStudioVersion = 10.0.40219.1
Project("{2150E333-8FDC-42A3-9474-1A3956D46DE8}") = "L0 Infrastructure", "L0 Infrastructure", "{497528AC-25BB-419B-8229-3F06FF710A30}"
EndProject
Project("{2150E333-8FDC-42A3-9474-1A3956D46DE8}") = "L1 Data", "L1 Data", "{EB360BAC-100D-4346-8F56-05AFEBE66AC6}"
EndProject
Project("{2150E333-8FDC-42A3-9474-1A3956D46DE8}") = "L2 Domain", "L2 Domain", "{20E4E187-5B60-40C6-8AB5-9743CF394AA7}"
EndProject
Project("{2150E333-8FDC-42A3-9474-1A3956D46DE8}") = "L3 Application", "L3 Application", "{5C29BE47-9E37-4D99-AF58-9B03C5094FBA}"
EndProject
Project("{2150E333-8FDC-42A3-9474-1A3956D46DE8}") = "L4 Presentation", "L4 Presentation", "{68ACE85E-B8A7-4B12-BB35-4FF3B3DD88DE}"
EndProject
Project("{2150E333-8FDC-42A3-9474-1A3956D46DE8}") = "Web", "Web", "{3D6CD11F-A39B-427E-ACEA-9F07EA2A78F4}"
EndProject
Project("{2150E333-8FDC-42A3-9474-1A3956D46DE8}") = "L5 Functions", "L5 Functions", "{45B40CC8-354B-47CE-9BFC-3DC20882DE7A}"
EndProject
Project("{FAE04EC0-301F-11D3-BF4B-00C04F79EFBC}") = "Gosocket.Dian.Web", "L4 Presentation\Web\Gosocket.Dian.Web\Gosocket.Dian.Web.csproj", "{A9E54CF2-ED1D-4844-B21C-10CFBF8EDB40}"
EndProject
Project("{FAE04EC0-301F-11D3-BF4B-00C04F79EFBC}") = "Gosocket.Dian.DataContext", "L1 Data\Gosocket.Dian.DataContext\Gosocket.Dian.DataContext.csproj", "{CBAA925A-695B-41B2-90B9-5C061A9CC30E}"
EndProject
Project("{FAE04EC0-301F-11D3-BF4B-00C04F79EFBC}") = "Gosocket.Dian.Domain", "L2 Domain\Gosocket.Dian.Domain\Gosocket.Dian.Domain.csproj", "{FBA40283-71DF-4B48-8E64-663468E6E0C6}"
EndProject
Project("{FAE04EC0-301F-11D3-BF4B-00C04F79EFBC}") = "Gosocket.Dian.Infrastructure", "L0 Infrastructure\Gosocket.Dian.Infrastructure\Gosocket.Dian.Infrastructure.csproj", "{72E3852A-75D8-4007-93A5-8EE16BDFB5D7}"
EndProject
Project("{FAE04EC0-301F-11D3-BF4B-00C04F79EFBC}") = "Gosocket.Dian.Application", "L3 Application\Gosocket.Dian.Application\Gosocket.Dian.Application.csproj", "{319E3A78-ED5C-463A-A323-FE1037F38AEA}"
EndProject
Project("{2150E333-8FDC-42A3-9474-1A3956D46DE8}") = "BackgroundServices", "BackgroundServices", "{63377118-1732-46F8-A1D5-015E4E436E7E}"
EndProject
Project("{2150E333-8FDC-42A3-9474-1A3956D46DE8}") = "WebServices", "WebServices", "{CC84FE76-8BB6-44D1-A691-43C5AA6BDE83}"
EndProject
Project("{FAE04EC0-301F-11D3-BF4B-00C04F79EFBC}") = "Gosocket.Dian.Web.Services", "Gosocket.Dian.Web.Services\Gosocket.Dian.Web.Services.csproj", "{1996BC3C-8D29-453F-AAAC-89BFC71B5A32}"
EndProject
Project("{FAE04EC0-301F-11D3-BF4B-00C04F79EFBC}") = "Gosocket.Dian.Services", "Gosocket.Dian.Services\Gosocket.Dian.Services.csproj", "{2F8875C4-BDB5-4BF7-A667-C78CCD254343}"
	ProjectSection(ProjectDependencies) = postProject
		{72E3852A-75D8-4007-93A5-8EE16BDFB5D7} = {72E3852A-75D8-4007-93A5-8EE16BDFB5D7}
		{FBA40283-71DF-4B48-8E64-663468E6E0C6} = {FBA40283-71DF-4B48-8E64-663468E6E0C6}
	EndProjectSection
EndProject
Project("{9A19103F-16F7-4668-BE54-9A1E7A4F7556}") = "Gosocket.Dian.Functions", "L5 Functions\Gosocket.Dian.Functions\Gosocket.Dian.Functions.csproj", "{6894D337-E518-4100-A583-9C3FAED6FEDA}"
EndProject
Project("{FAE04EC0-301F-11D3-BF4B-00C04F79EFBC}") = "Gosocket.Dian.Logger", "L3 Application\Gosocket.Dian.Logger\Gosocket.Dian.Logger.csproj", "{E5A135B5-36D3-4083-95A6-D42B974D5931}"
EndProject
Project("{9A19103F-16F7-4668-BE54-9A1E7A4F7556}") = "Gosocket.Dian.Plugin.Functions", "L5 Functions\Gosocket.Dian.Plugin.Functions\Gosocket.Dian.Plugin.Functions.csproj", "{D09EB261-6BCC-47C4-9CA0-38126A7D22ED}"
EndProject
Project("{9A19103F-16F7-4668-BE54-9A1E7A4F7556}") = "Gosocket.Dian.Interfaces", "Gosocket.Dian.Interfaces\Gosocket.Dian.Interfaces.csproj", "{AB742B49-C0DE-4363-AC4A-C436FFFFB5B1}"
EndProject
Project("{2150E333-8FDC-42A3-9474-1A3956D46DE8}") = "Solution Items", "Solution Items", "{399028D5-116B-4F4A-86DA-849A06D93C3A}"
	ProjectSection(SolutionItems) = preProject
		.editorconfig = .editorconfig
		NuGet.Config = NuGet.Config
	EndProjectSection
EndProject
Project("{2150E333-8FDC-42A3-9474-1A3956D46DE8}") = "L7 Commons", "L7 Commons", "{53F5A8F5-D0C3-4493-AAC8-7DE866386989}"
EndProject
Project("{9A19103F-16F7-4668-BE54-9A1E7A4F7556}") = "Gosocket.Dian.Common", "Gosocket.Dian.Common\Gosocket.Dian.Common.csproj", "{61F42A77-9C41-446B-9C1F-D3D84241BB6C}"
EndProject
Project("{2150E333-8FDC-42A3-9474-1A3956D46DE8}") = "L6 Tools", "L6 Tools", "{1BA5AADA-C869-4AB4-911F-DE80E663EC05}"
EndProject
Project("{FAE04EC0-301F-11D3-BF4B-00C04F79EFBC}") = "Gosocket.Dian.TestProject2", "L6 Tools\Gosocket.Dian.TestProject2\Gosocket.Dian.TestProject2.csproj", "{054F68BC-218E-4163-8A06-D56911F73F2B}"
EndProject
Project("{FAE04EC0-301F-11D3-BF4B-00C04F79EFBC}") = "Gosocket.Dian.IndraTestProject", "Gosocket.Dian.IndraTestProject\Gosocket.Dian.IndraTestProject.csproj", "{A25D6D03-FC61-4B20-8A11-145865A39B93}"
EndProject
Project("{FAE04EC0-301F-11D3-BF4B-00C04F79EFBC}") = "Gosocket.Dian.Services.Test", "Gosocket.Dian.Services.Test\Gosocket.Dian.Services.Test.csproj", "{D3F07D4E-5244-462D-8214-6CB34B5AADA0}"
EndProject
Global
	GlobalSection(SolutionConfigurationPlatforms) = preSolution
		Debug|Any CPU = Debug|Any CPU
		Dev|Any CPU = Dev|Any CPU
		DianProduction|Any CPU = DianProduction|Any CPU
		DianSandbox|Any CPU = DianSandbox|Any CPU
		Production|Any CPU = Production|Any CPU
		Release|Any CPU = Release|Any CPU
		Sandbox|Any CPU = Sandbox|Any CPU
		Test|Any CPU = Test|Any CPU
	EndGlobalSection
	GlobalSection(ProjectConfigurationPlatforms) = postSolution
		{A9E54CF2-ED1D-4844-B21C-10CFBF8EDB40}.Debug|Any CPU.ActiveCfg = Debug|Any CPU
		{A9E54CF2-ED1D-4844-B21C-10CFBF8EDB40}.Debug|Any CPU.Build.0 = Debug|Any CPU
		{A9E54CF2-ED1D-4844-B21C-10CFBF8EDB40}.Dev|Any CPU.ActiveCfg = Debug|Any CPU
		{A9E54CF2-ED1D-4844-B21C-10CFBF8EDB40}.Dev|Any CPU.Build.0 = Debug|Any CPU
		{A9E54CF2-ED1D-4844-B21C-10CFBF8EDB40}.DianProduction|Any CPU.ActiveCfg = Production|Any CPU
		{A9E54CF2-ED1D-4844-B21C-10CFBF8EDB40}.DianProduction|Any CPU.Build.0 = Production|Any CPU
		{A9E54CF2-ED1D-4844-B21C-10CFBF8EDB40}.DianSandbox|Any CPU.ActiveCfg = Sandbox|Any CPU
		{A9E54CF2-ED1D-4844-B21C-10CFBF8EDB40}.DianSandbox|Any CPU.Build.0 = Sandbox|Any CPU
		{A9E54CF2-ED1D-4844-B21C-10CFBF8EDB40}.Production|Any CPU.ActiveCfg = Production|Any CPU
		{A9E54CF2-ED1D-4844-B21C-10CFBF8EDB40}.Production|Any CPU.Build.0 = Production|Any CPU
		{A9E54CF2-ED1D-4844-B21C-10CFBF8EDB40}.Release|Any CPU.ActiveCfg = Release|Any CPU
		{A9E54CF2-ED1D-4844-B21C-10CFBF8EDB40}.Release|Any CPU.Build.0 = Release|Any CPU
		{A9E54CF2-ED1D-4844-B21C-10CFBF8EDB40}.Sandbox|Any CPU.ActiveCfg = Sandbox|Any CPU
		{A9E54CF2-ED1D-4844-B21C-10CFBF8EDB40}.Sandbox|Any CPU.Build.0 = Sandbox|Any CPU
		{A9E54CF2-ED1D-4844-B21C-10CFBF8EDB40}.Test|Any CPU.ActiveCfg = Debug|Any CPU
		{A9E54CF2-ED1D-4844-B21C-10CFBF8EDB40}.Test|Any CPU.Build.0 = Debug|Any CPU
		{CBAA925A-695B-41B2-90B9-5C061A9CC30E}.Debug|Any CPU.ActiveCfg = Debug|Any CPU
		{CBAA925A-695B-41B2-90B9-5C061A9CC30E}.Debug|Any CPU.Build.0 = Debug|Any CPU
		{CBAA925A-695B-41B2-90B9-5C061A9CC30E}.Dev|Any CPU.ActiveCfg = Dev|Any CPU
		{CBAA925A-695B-41B2-90B9-5C061A9CC30E}.Dev|Any CPU.Build.0 = Dev|Any CPU
		{CBAA925A-695B-41B2-90B9-5C061A9CC30E}.DianProduction|Any CPU.ActiveCfg = DianProduction|Any CPU
		{CBAA925A-695B-41B2-90B9-5C061A9CC30E}.DianProduction|Any CPU.Build.0 = DianProduction|Any CPU
		{CBAA925A-695B-41B2-90B9-5C061A9CC30E}.DianSandbox|Any CPU.ActiveCfg = DianSandbox|Any CPU
		{CBAA925A-695B-41B2-90B9-5C061A9CC30E}.DianSandbox|Any CPU.Build.0 = DianSandbox|Any CPU
		{CBAA925A-695B-41B2-90B9-5C061A9CC30E}.Production|Any CPU.ActiveCfg = Production|Any CPU
		{CBAA925A-695B-41B2-90B9-5C061A9CC30E}.Production|Any CPU.Build.0 = Production|Any CPU
		{CBAA925A-695B-41B2-90B9-5C061A9CC30E}.Release|Any CPU.ActiveCfg = Release|Any CPU
		{CBAA925A-695B-41B2-90B9-5C061A9CC30E}.Release|Any CPU.Build.0 = Release|Any CPU
		{CBAA925A-695B-41B2-90B9-5C061A9CC30E}.Sandbox|Any CPU.ActiveCfg = Sandbox|Any CPU
		{CBAA925A-695B-41B2-90B9-5C061A9CC30E}.Sandbox|Any CPU.Build.0 = Sandbox|Any CPU
		{CBAA925A-695B-41B2-90B9-5C061A9CC30E}.Test|Any CPU.ActiveCfg = Debug|Any CPU
		{CBAA925A-695B-41B2-90B9-5C061A9CC30E}.Test|Any CPU.Build.0 = Debug|Any CPU
		{FBA40283-71DF-4B48-8E64-663468E6E0C6}.Debug|Any CPU.ActiveCfg = Debug|Any CPU
		{FBA40283-71DF-4B48-8E64-663468E6E0C6}.Debug|Any CPU.Build.0 = Debug|Any CPU
		{FBA40283-71DF-4B48-8E64-663468E6E0C6}.Dev|Any CPU.ActiveCfg = Dev|Any CPU
		{FBA40283-71DF-4B48-8E64-663468E6E0C6}.Dev|Any CPU.Build.0 = Dev|Any CPU
		{FBA40283-71DF-4B48-8E64-663468E6E0C6}.DianProduction|Any CPU.ActiveCfg = DianProduction|Any CPU
		{FBA40283-71DF-4B48-8E64-663468E6E0C6}.DianProduction|Any CPU.Build.0 = DianProduction|Any CPU
		{FBA40283-71DF-4B48-8E64-663468E6E0C6}.DianSandbox|Any CPU.ActiveCfg = DianSandbox|Any CPU
		{FBA40283-71DF-4B48-8E64-663468E6E0C6}.DianSandbox|Any CPU.Build.0 = DianSandbox|Any CPU
		{FBA40283-71DF-4B48-8E64-663468E6E0C6}.Production|Any CPU.ActiveCfg = Production|Any CPU
		{FBA40283-71DF-4B48-8E64-663468E6E0C6}.Production|Any CPU.Build.0 = Production|Any CPU
		{FBA40283-71DF-4B48-8E64-663468E6E0C6}.Release|Any CPU.ActiveCfg = Release|Any CPU
		{FBA40283-71DF-4B48-8E64-663468E6E0C6}.Release|Any CPU.Build.0 = Release|Any CPU
		{FBA40283-71DF-4B48-8E64-663468E6E0C6}.Sandbox|Any CPU.ActiveCfg = Sandbox|Any CPU
		{FBA40283-71DF-4B48-8E64-663468E6E0C6}.Sandbox|Any CPU.Build.0 = Sandbox|Any CPU
		{FBA40283-71DF-4B48-8E64-663468E6E0C6}.Test|Any CPU.ActiveCfg = Test|Any CPU
		{FBA40283-71DF-4B48-8E64-663468E6E0C6}.Test|Any CPU.Build.0 = Test|Any CPU
		{72E3852A-75D8-4007-93A5-8EE16BDFB5D7}.Debug|Any CPU.ActiveCfg = Debug|Any CPU
		{72E3852A-75D8-4007-93A5-8EE16BDFB5D7}.Debug|Any CPU.Build.0 = Debug|Any CPU
		{72E3852A-75D8-4007-93A5-8EE16BDFB5D7}.Dev|Any CPU.ActiveCfg = Dev|Any CPU
		{72E3852A-75D8-4007-93A5-8EE16BDFB5D7}.Dev|Any CPU.Build.0 = Dev|Any CPU
		{72E3852A-75D8-4007-93A5-8EE16BDFB5D7}.DianProduction|Any CPU.ActiveCfg = DianProduction|Any CPU
		{72E3852A-75D8-4007-93A5-8EE16BDFB5D7}.DianProduction|Any CPU.Build.0 = DianProduction|Any CPU
		{72E3852A-75D8-4007-93A5-8EE16BDFB5D7}.DianSandbox|Any CPU.ActiveCfg = DianSandbox|Any CPU
		{72E3852A-75D8-4007-93A5-8EE16BDFB5D7}.DianSandbox|Any CPU.Build.0 = DianSandbox|Any CPU
		{72E3852A-75D8-4007-93A5-8EE16BDFB5D7}.Production|Any CPU.ActiveCfg = Release|Any CPU
		{72E3852A-75D8-4007-93A5-8EE16BDFB5D7}.Production|Any CPU.Build.0 = Release|Any CPU
		{72E3852A-75D8-4007-93A5-8EE16BDFB5D7}.Release|Any CPU.ActiveCfg = Release|Any CPU
		{72E3852A-75D8-4007-93A5-8EE16BDFB5D7}.Release|Any CPU.Build.0 = Release|Any CPU
		{72E3852A-75D8-4007-93A5-8EE16BDFB5D7}.Sandbox|Any CPU.ActiveCfg = Release|Any CPU
		{72E3852A-75D8-4007-93A5-8EE16BDFB5D7}.Sandbox|Any CPU.Build.0 = Release|Any CPU
		{72E3852A-75D8-4007-93A5-8EE16BDFB5D7}.Test|Any CPU.ActiveCfg = Debug|Any CPU
		{72E3852A-75D8-4007-93A5-8EE16BDFB5D7}.Test|Any CPU.Build.0 = Debug|Any CPU
		{319E3A78-ED5C-463A-A323-FE1037F38AEA}.Debug|Any CPU.ActiveCfg = Debug|Any CPU
		{319E3A78-ED5C-463A-A323-FE1037F38AEA}.Debug|Any CPU.Build.0 = Debug|Any CPU
		{319E3A78-ED5C-463A-A323-FE1037F38AEA}.Dev|Any CPU.ActiveCfg = Dev|Any CPU
		{319E3A78-ED5C-463A-A323-FE1037F38AEA}.Dev|Any CPU.Build.0 = Dev|Any CPU
		{319E3A78-ED5C-463A-A323-FE1037F38AEA}.DianProduction|Any CPU.ActiveCfg = DianProduction|Any CPU
		{319E3A78-ED5C-463A-A323-FE1037F38AEA}.DianProduction|Any CPU.Build.0 = DianProduction|Any CPU
		{319E3A78-ED5C-463A-A323-FE1037F38AEA}.DianSandbox|Any CPU.ActiveCfg = DianSandbox|Any CPU
		{319E3A78-ED5C-463A-A323-FE1037F38AEA}.DianSandbox|Any CPU.Build.0 = DianSandbox|Any CPU
		{319E3A78-ED5C-463A-A323-FE1037F38AEA}.Production|Any CPU.ActiveCfg = Production|Any CPU
		{319E3A78-ED5C-463A-A323-FE1037F38AEA}.Production|Any CPU.Build.0 = Production|Any CPU
		{319E3A78-ED5C-463A-A323-FE1037F38AEA}.Release|Any CPU.ActiveCfg = Release|Any CPU
		{319E3A78-ED5C-463A-A323-FE1037F38AEA}.Release|Any CPU.Build.0 = Release|Any CPU
		{319E3A78-ED5C-463A-A323-FE1037F38AEA}.Sandbox|Any CPU.ActiveCfg = Sandbox|Any CPU
		{319E3A78-ED5C-463A-A323-FE1037F38AEA}.Sandbox|Any CPU.Build.0 = Sandbox|Any CPU
		{319E3A78-ED5C-463A-A323-FE1037F38AEA}.Test|Any CPU.ActiveCfg = Debug|Any CPU
		{319E3A78-ED5C-463A-A323-FE1037F38AEA}.Test|Any CPU.Build.0 = Debug|Any CPU
		{1996BC3C-8D29-453F-AAAC-89BFC71B5A32}.Debug|Any CPU.ActiveCfg = Debug|Any CPU
		{1996BC3C-8D29-453F-AAAC-89BFC71B5A32}.Debug|Any CPU.Build.0 = Debug|Any CPU
		{1996BC3C-8D29-453F-AAAC-89BFC71B5A32}.Dev|Any CPU.ActiveCfg = Dev|Any CPU
		{1996BC3C-8D29-453F-AAAC-89BFC71B5A32}.Dev|Any CPU.Build.0 = Dev|Any CPU
		{1996BC3C-8D29-453F-AAAC-89BFC71B5A32}.DianProduction|Any CPU.ActiveCfg = Dev|Any CPU
		{1996BC3C-8D29-453F-AAAC-89BFC71B5A32}.DianProduction|Any CPU.Build.0 = Dev|Any CPU
		{1996BC3C-8D29-453F-AAAC-89BFC71B5A32}.DianSandbox|Any CPU.ActiveCfg = Sandbox|Any CPU
		{1996BC3C-8D29-453F-AAAC-89BFC71B5A32}.DianSandbox|Any CPU.Build.0 = Sandbox|Any CPU
		{1996BC3C-8D29-453F-AAAC-89BFC71B5A32}.Production|Any CPU.ActiveCfg = Release|Any CPU
		{1996BC3C-8D29-453F-AAAC-89BFC71B5A32}.Production|Any CPU.Build.0 = Release|Any CPU
		{1996BC3C-8D29-453F-AAAC-89BFC71B5A32}.Release|Any CPU.ActiveCfg = Release|Any CPU
		{1996BC3C-8D29-453F-AAAC-89BFC71B5A32}.Release|Any CPU.Build.0 = Release|Any CPU
		{1996BC3C-8D29-453F-AAAC-89BFC71B5A32}.Sandbox|Any CPU.ActiveCfg = Release|Any CPU
		{1996BC3C-8D29-453F-AAAC-89BFC71B5A32}.Sandbox|Any CPU.Build.0 = Release|Any CPU
		{1996BC3C-8D29-453F-AAAC-89BFC71B5A32}.Test|Any CPU.ActiveCfg = Test|Any CPU
		{1996BC3C-8D29-453F-AAAC-89BFC71B5A32}.Test|Any CPU.Build.0 = Test|Any CPU
		{2F8875C4-BDB5-4BF7-A667-C78CCD254343}.Debug|Any CPU.ActiveCfg = Debug|Any CPU
		{2F8875C4-BDB5-4BF7-A667-C78CCD254343}.Debug|Any CPU.Build.0 = Debug|Any CPU
		{2F8875C4-BDB5-4BF7-A667-C78CCD254343}.Dev|Any CPU.ActiveCfg = Dev|Any CPU
		{2F8875C4-BDB5-4BF7-A667-C78CCD254343}.Dev|Any CPU.Build.0 = Dev|Any CPU
		{2F8875C4-BDB5-4BF7-A667-C78CCD254343}.DianProduction|Any CPU.ActiveCfg = DianProduction|Any CPU
		{2F8875C4-BDB5-4BF7-A667-C78CCD254343}.DianProduction|Any CPU.Build.0 = DianProduction|Any CPU
		{2F8875C4-BDB5-4BF7-A667-C78CCD254343}.DianSandbox|Any CPU.ActiveCfg = DianSandbox|Any CPU
		{2F8875C4-BDB5-4BF7-A667-C78CCD254343}.DianSandbox|Any CPU.Build.0 = DianSandbox|Any CPU
		{2F8875C4-BDB5-4BF7-A667-C78CCD254343}.Production|Any CPU.ActiveCfg = Release|Any CPU
		{2F8875C4-BDB5-4BF7-A667-C78CCD254343}.Production|Any CPU.Build.0 = Release|Any CPU
		{2F8875C4-BDB5-4BF7-A667-C78CCD254343}.Release|Any CPU.ActiveCfg = Release|Any CPU
		{2F8875C4-BDB5-4BF7-A667-C78CCD254343}.Release|Any CPU.Build.0 = Release|Any CPU
		{2F8875C4-BDB5-4BF7-A667-C78CCD254343}.Sandbox|Any CPU.ActiveCfg = Release|Any CPU
		{2F8875C4-BDB5-4BF7-A667-C78CCD254343}.Sandbox|Any CPU.Build.0 = Release|Any CPU
		{2F8875C4-BDB5-4BF7-A667-C78CCD254343}.Test|Any CPU.ActiveCfg = Test|Any CPU
		{2F8875C4-BDB5-4BF7-A667-C78CCD254343}.Test|Any CPU.Build.0 = Test|Any CPU
		{6894D337-E518-4100-A583-9C3FAED6FEDA}.Debug|Any CPU.ActiveCfg = Debug|Any CPU
		{6894D337-E518-4100-A583-9C3FAED6FEDA}.Debug|Any CPU.Build.0 = Debug|Any CPU
		{6894D337-E518-4100-A583-9C3FAED6FEDA}.Dev|Any CPU.ActiveCfg = Dev|Any CPU
		{6894D337-E518-4100-A583-9C3FAED6FEDA}.Dev|Any CPU.Build.0 = Dev|Any CPU
		{6894D337-E518-4100-A583-9C3FAED6FEDA}.DianProduction|Any CPU.ActiveCfg = DianProduction|Any CPU
		{6894D337-E518-4100-A583-9C3FAED6FEDA}.DianProduction|Any CPU.Build.0 = DianProduction|Any CPU
		{6894D337-E518-4100-A583-9C3FAED6FEDA}.DianSandbox|Any CPU.ActiveCfg = DianSandbox|Any CPU
		{6894D337-E518-4100-A583-9C3FAED6FEDA}.DianSandbox|Any CPU.Build.0 = DianSandbox|Any CPU
		{6894D337-E518-4100-A583-9C3FAED6FEDA}.Production|Any CPU.ActiveCfg = Release|Any CPU
		{6894D337-E518-4100-A583-9C3FAED6FEDA}.Production|Any CPU.Build.0 = Release|Any CPU
		{6894D337-E518-4100-A583-9C3FAED6FEDA}.Release|Any CPU.ActiveCfg = Release|Any CPU
		{6894D337-E518-4100-A583-9C3FAED6FEDA}.Release|Any CPU.Build.0 = Release|Any CPU
		{6894D337-E518-4100-A583-9C3FAED6FEDA}.Sandbox|Any CPU.ActiveCfg = Release|Any CPU
		{6894D337-E518-4100-A583-9C3FAED6FEDA}.Sandbox|Any CPU.Build.0 = Release|Any CPU
		{6894D337-E518-4100-A583-9C3FAED6FEDA}.Test|Any CPU.ActiveCfg = Test|Any CPU
		{6894D337-E518-4100-A583-9C3FAED6FEDA}.Test|Any CPU.Build.0 = Test|Any CPU
		{E5A135B5-36D3-4083-95A6-D42B974D5931}.Debug|Any CPU.ActiveCfg = Debug|Any CPU
		{E5A135B5-36D3-4083-95A6-D42B974D5931}.Debug|Any CPU.Build.0 = Debug|Any CPU
		{E5A135B5-36D3-4083-95A6-D42B974D5931}.Dev|Any CPU.ActiveCfg = Debug|Any CPU
		{E5A135B5-36D3-4083-95A6-D42B974D5931}.Dev|Any CPU.Build.0 = Debug|Any CPU
		{E5A135B5-36D3-4083-95A6-D42B974D5931}.DianProduction|Any CPU.ActiveCfg = Debug|Any CPU
		{E5A135B5-36D3-4083-95A6-D42B974D5931}.DianProduction|Any CPU.Build.0 = Debug|Any CPU
		{E5A135B5-36D3-4083-95A6-D42B974D5931}.DianSandbox|Any CPU.ActiveCfg = Debug|Any CPU
		{E5A135B5-36D3-4083-95A6-D42B974D5931}.DianSandbox|Any CPU.Build.0 = Debug|Any CPU
		{E5A135B5-36D3-4083-95A6-D42B974D5931}.Production|Any CPU.ActiveCfg = Release|Any CPU
		{E5A135B5-36D3-4083-95A6-D42B974D5931}.Production|Any CPU.Build.0 = Release|Any CPU
		{E5A135B5-36D3-4083-95A6-D42B974D5931}.Release|Any CPU.ActiveCfg = Release|Any CPU
		{E5A135B5-36D3-4083-95A6-D42B974D5931}.Release|Any CPU.Build.0 = Release|Any CPU
		{E5A135B5-36D3-4083-95A6-D42B974D5931}.Sandbox|Any CPU.ActiveCfg = Release|Any CPU
		{E5A135B5-36D3-4083-95A6-D42B974D5931}.Sandbox|Any CPU.Build.0 = Release|Any CPU
		{E5A135B5-36D3-4083-95A6-D42B974D5931}.Test|Any CPU.ActiveCfg = Release|Any CPU
		{E5A135B5-36D3-4083-95A6-D42B974D5931}.Test|Any CPU.Build.0 = Release|Any CPU
		{D09EB261-6BCC-47C4-9CA0-38126A7D22ED}.Debug|Any CPU.ActiveCfg = Debug|Any CPU
		{D09EB261-6BCC-47C4-9CA0-38126A7D22ED}.Debug|Any CPU.Build.0 = Debug|Any CPU
		{D09EB261-6BCC-47C4-9CA0-38126A7D22ED}.Dev|Any CPU.ActiveCfg = Debug|Any CPU
		{D09EB261-6BCC-47C4-9CA0-38126A7D22ED}.Dev|Any CPU.Build.0 = Debug|Any CPU
		{D09EB261-6BCC-47C4-9CA0-38126A7D22ED}.DianProduction|Any CPU.ActiveCfg = Debug|Any CPU
		{D09EB261-6BCC-47C4-9CA0-38126A7D22ED}.DianProduction|Any CPU.Build.0 = Debug|Any CPU
		{D09EB261-6BCC-47C4-9CA0-38126A7D22ED}.DianSandbox|Any CPU.ActiveCfg = Debug|Any CPU
		{D09EB261-6BCC-47C4-9CA0-38126A7D22ED}.DianSandbox|Any CPU.Build.0 = Debug|Any CPU
		{D09EB261-6BCC-47C4-9CA0-38126A7D22ED}.Production|Any CPU.ActiveCfg = Debug|Any CPU
		{D09EB261-6BCC-47C4-9CA0-38126A7D22ED}.Production|Any CPU.Build.0 = Debug|Any CPU
		{D09EB261-6BCC-47C4-9CA0-38126A7D22ED}.Release|Any CPU.ActiveCfg = Release|Any CPU
		{D09EB261-6BCC-47C4-9CA0-38126A7D22ED}.Release|Any CPU.Build.0 = Release|Any CPU
		{D09EB261-6BCC-47C4-9CA0-38126A7D22ED}.Sandbox|Any CPU.ActiveCfg = Debug|Any CPU
		{D09EB261-6BCC-47C4-9CA0-38126A7D22ED}.Sandbox|Any CPU.Build.0 = Debug|Any CPU
		{D09EB261-6BCC-47C4-9CA0-38126A7D22ED}.Test|Any CPU.ActiveCfg = Debug|Any CPU
		{D09EB261-6BCC-47C4-9CA0-38126A7D22ED}.Test|Any CPU.Build.0 = Debug|Any CPU
		{AB742B49-C0DE-4363-AC4A-C436FFFFB5B1}.Debug|Any CPU.ActiveCfg = Debug|Any CPU
		{AB742B49-C0DE-4363-AC4A-C436FFFFB5B1}.Debug|Any CPU.Build.0 = Debug|Any CPU
		{AB742B49-C0DE-4363-AC4A-C436FFFFB5B1}.Dev|Any CPU.ActiveCfg = Debug|Any CPU
		{AB742B49-C0DE-4363-AC4A-C436FFFFB5B1}.Dev|Any CPU.Build.0 = Debug|Any CPU
		{AB742B49-C0DE-4363-AC4A-C436FFFFB5B1}.DianProduction|Any CPU.ActiveCfg = Debug|Any CPU
		{AB742B49-C0DE-4363-AC4A-C436FFFFB5B1}.DianProduction|Any CPU.Build.0 = Debug|Any CPU
		{AB742B49-C0DE-4363-AC4A-C436FFFFB5B1}.DianSandbox|Any CPU.ActiveCfg = Debug|Any CPU
		{AB742B49-C0DE-4363-AC4A-C436FFFFB5B1}.DianSandbox|Any CPU.Build.0 = Debug|Any CPU
		{AB742B49-C0DE-4363-AC4A-C436FFFFB5B1}.Production|Any CPU.ActiveCfg = Release|Any CPU
		{AB742B49-C0DE-4363-AC4A-C436FFFFB5B1}.Production|Any CPU.Build.0 = Release|Any CPU
		{AB742B49-C0DE-4363-AC4A-C436FFFFB5B1}.Release|Any CPU.ActiveCfg = Release|Any CPU
		{AB742B49-C0DE-4363-AC4A-C436FFFFB5B1}.Release|Any CPU.Build.0 = Release|Any CPU
		{AB742B49-C0DE-4363-AC4A-C436FFFFB5B1}.Sandbox|Any CPU.ActiveCfg = Release|Any CPU
		{AB742B49-C0DE-4363-AC4A-C436FFFFB5B1}.Sandbox|Any CPU.Build.0 = Release|Any CPU
		{AB742B49-C0DE-4363-AC4A-C436FFFFB5B1}.Test|Any CPU.ActiveCfg = Release|Any CPU
		{AB742B49-C0DE-4363-AC4A-C436FFFFB5B1}.Test|Any CPU.Build.0 = Release|Any CPU
		{61F42A77-9C41-446B-9C1F-D3D84241BB6C}.Debug|Any CPU.ActiveCfg = Debug|Any CPU
		{61F42A77-9C41-446B-9C1F-D3D84241BB6C}.Debug|Any CPU.Build.0 = Debug|Any CPU
		{61F42A77-9C41-446B-9C1F-D3D84241BB6C}.Dev|Any CPU.ActiveCfg = Debug|Any CPU
		{61F42A77-9C41-446B-9C1F-D3D84241BB6C}.Dev|Any CPU.Build.0 = Debug|Any CPU
		{61F42A77-9C41-446B-9C1F-D3D84241BB6C}.DianProduction|Any CPU.ActiveCfg = Debug|Any CPU
		{61F42A77-9C41-446B-9C1F-D3D84241BB6C}.DianProduction|Any CPU.Build.0 = Debug|Any CPU
		{61F42A77-9C41-446B-9C1F-D3D84241BB6C}.DianSandbox|Any CPU.ActiveCfg = Debug|Any CPU
		{61F42A77-9C41-446B-9C1F-D3D84241BB6C}.DianSandbox|Any CPU.Build.0 = Debug|Any CPU
		{61F42A77-9C41-446B-9C1F-D3D84241BB6C}.Production|Any CPU.ActiveCfg = Release|Any CPU
		{61F42A77-9C41-446B-9C1F-D3D84241BB6C}.Production|Any CPU.Build.0 = Release|Any CPU
		{61F42A77-9C41-446B-9C1F-D3D84241BB6C}.Release|Any CPU.ActiveCfg = Release|Any CPU
		{61F42A77-9C41-446B-9C1F-D3D84241BB6C}.Release|Any CPU.Build.0 = Release|Any CPU
		{61F42A77-9C41-446B-9C1F-D3D84241BB6C}.Sandbox|Any CPU.ActiveCfg = Release|Any CPU
		{61F42A77-9C41-446B-9C1F-D3D84241BB6C}.Sandbox|Any CPU.Build.0 = Release|Any CPU
		{61F42A77-9C41-446B-9C1F-D3D84241BB6C}.Test|Any CPU.ActiveCfg = Release|Any CPU
		{61F42A77-9C41-446B-9C1F-D3D84241BB6C}.Test|Any CPU.Build.0 = Release|Any CPU
		{054F68BC-218E-4163-8A06-D56911F73F2B}.Debug|Any CPU.ActiveCfg = Debug|Any CPU
		{054F68BC-218E-4163-8A06-D56911F73F2B}.Debug|Any CPU.Build.0 = Debug|Any CPU
		{054F68BC-218E-4163-8A06-D56911F73F2B}.Dev|Any CPU.ActiveCfg = Debug|Any CPU
		{054F68BC-218E-4163-8A06-D56911F73F2B}.Dev|Any CPU.Build.0 = Debug|Any CPU
		{054F68BC-218E-4163-8A06-D56911F73F2B}.DianProduction|Any CPU.ActiveCfg = Debug|Any CPU
		{054F68BC-218E-4163-8A06-D56911F73F2B}.DianProduction|Any CPU.Build.0 = Debug|Any CPU
		{054F68BC-218E-4163-8A06-D56911F73F2B}.DianSandbox|Any CPU.ActiveCfg = Debug|Any CPU
		{054F68BC-218E-4163-8A06-D56911F73F2B}.DianSandbox|Any CPU.Build.0 = Debug|Any CPU
		{054F68BC-218E-4163-8A06-D56911F73F2B}.Production|Any CPU.ActiveCfg = Debug|Any CPU
		{054F68BC-218E-4163-8A06-D56911F73F2B}.Production|Any CPU.Build.0 = Debug|Any CPU
		{054F68BC-218E-4163-8A06-D56911F73F2B}.Release|Any CPU.ActiveCfg = Release|Any CPU
		{054F68BC-218E-4163-8A06-D56911F73F2B}.Release|Any CPU.Build.0 = Release|Any CPU
		{054F68BC-218E-4163-8A06-D56911F73F2B}.Sandbox|Any CPU.ActiveCfg = Debug|Any CPU
		{054F68BC-218E-4163-8A06-D56911F73F2B}.Sandbox|Any CPU.Build.0 = Debug|Any CPU
		{054F68BC-218E-4163-8A06-D56911F73F2B}.Test|Any CPU.ActiveCfg = Debug|Any CPU
		{054F68BC-218E-4163-8A06-D56911F73F2B}.Test|Any CPU.Build.0 = Debug|Any CPU
		{A25D6D03-FC61-4B20-8A11-145865A39B93}.Debug|Any CPU.ActiveCfg = Debug|Any CPU
		{A25D6D03-FC61-4B20-8A11-145865A39B93}.Debug|Any CPU.Build.0 = Debug|Any CPU
		{A25D6D03-FC61-4B20-8A11-145865A39B93}.Dev|Any CPU.ActiveCfg = Debug|Any CPU
		{A25D6D03-FC61-4B20-8A11-145865A39B93}.Dev|Any CPU.Build.0 = Debug|Any CPU
		{A25D6D03-FC61-4B20-8A11-145865A39B93}.DianProduction|Any CPU.ActiveCfg = Debug|Any CPU
		{A25D6D03-FC61-4B20-8A11-145865A39B93}.DianProduction|Any CPU.Build.0 = Debug|Any CPU
		{A25D6D03-FC61-4B20-8A11-145865A39B93}.DianSandbox|Any CPU.ActiveCfg = Debug|Any CPU
		{A25D6D03-FC61-4B20-8A11-145865A39B93}.DianSandbox|Any CPU.Build.0 = Debug|Any CPU
		{A25D6D03-FC61-4B20-8A11-145865A39B93}.Production|Any CPU.ActiveCfg = Debug|Any CPU
		{A25D6D03-FC61-4B20-8A11-145865A39B93}.Production|Any CPU.Build.0 = Debug|Any CPU
		{A25D6D03-FC61-4B20-8A11-145865A39B93}.Release|Any CPU.ActiveCfg = Release|Any CPU
		{A25D6D03-FC61-4B20-8A11-145865A39B93}.Release|Any CPU.Build.0 = Release|Any CPU
		{A25D6D03-FC61-4B20-8A11-145865A39B93}.Sandbox|Any CPU.ActiveCfg = Debug|Any CPU
		{A25D6D03-FC61-4B20-8A11-145865A39B93}.Sandbox|Any CPU.Build.0 = Debug|Any CPU
		{A25D6D03-FC61-4B20-8A11-145865A39B93}.Test|Any CPU.ActiveCfg = Debug|Any CPU
		{A25D6D03-FC61-4B20-8A11-145865A39B93}.Test|Any CPU.Build.0 = Debug|Any CPU
		{D3F07D4E-5244-462D-8214-6CB34B5AADA0}.Debug|Any CPU.ActiveCfg = Debug|Any CPU
		{D3F07D4E-5244-462D-8214-6CB34B5AADA0}.Debug|Any CPU.Build.0 = Debug|Any CPU
		{D3F07D4E-5244-462D-8214-6CB34B5AADA0}.Dev|Any CPU.ActiveCfg = Debug|Any CPU
		{D3F07D4E-5244-462D-8214-6CB34B5AADA0}.Dev|Any CPU.Build.0 = Debug|Any CPU
		{D3F07D4E-5244-462D-8214-6CB34B5AADA0}.DianProduction|Any CPU.ActiveCfg = Debug|Any CPU
		{D3F07D4E-5244-462D-8214-6CB34B5AADA0}.DianProduction|Any CPU.Build.0 = Debug|Any CPU
		{D3F07D4E-5244-462D-8214-6CB34B5AADA0}.DianSandbox|Any CPU.ActiveCfg = Debug|Any CPU
		{D3F07D4E-5244-462D-8214-6CB34B5AADA0}.DianSandbox|Any CPU.Build.0 = Debug|Any CPU
		{D3F07D4E-5244-462D-8214-6CB34B5AADA0}.Production|Any CPU.ActiveCfg = Debug|Any CPU
		{D3F07D4E-5244-462D-8214-6CB34B5AADA0}.Production|Any CPU.Build.0 = Debug|Any CPU
		{D3F07D4E-5244-462D-8214-6CB34B5AADA0}.Release|Any CPU.ActiveCfg = Release|Any CPU
		{D3F07D4E-5244-462D-8214-6CB34B5AADA0}.Release|Any CPU.Build.0 = Release|Any CPU
		{D3F07D4E-5244-462D-8214-6CB34B5AADA0}.Sandbox|Any CPU.ActiveCfg = Debug|Any CPU
		{D3F07D4E-5244-462D-8214-6CB34B5AADA0}.Sandbox|Any CPU.Build.0 = Debug|Any CPU
		{D3F07D4E-5244-462D-8214-6CB34B5AADA0}.Test|Any CPU.ActiveCfg = Debug|Any CPU
		{D3F07D4E-5244-462D-8214-6CB34B5AADA0}.Test|Any CPU.Build.0 = Debug|Any CPU
	EndGlobalSection
	GlobalSection(SolutionProperties) = preSolution
		HideSolutionNode = FALSE
	EndGlobalSection
	GlobalSection(NestedProjects) = preSolution
		{3D6CD11F-A39B-427E-ACEA-9F07EA2A78F4} = {68ACE85E-B8A7-4B12-BB35-4FF3B3DD88DE}
		{A9E54CF2-ED1D-4844-B21C-10CFBF8EDB40} = {3D6CD11F-A39B-427E-ACEA-9F07EA2A78F4}
		{CBAA925A-695B-41B2-90B9-5C061A9CC30E} = {EB360BAC-100D-4346-8F56-05AFEBE66AC6}
		{FBA40283-71DF-4B48-8E64-663468E6E0C6} = {20E4E187-5B60-40C6-8AB5-9743CF394AA7}
		{72E3852A-75D8-4007-93A5-8EE16BDFB5D7} = {497528AC-25BB-419B-8229-3F06FF710A30}
		{319E3A78-ED5C-463A-A323-FE1037F38AEA} = {5C29BE47-9E37-4D99-AF58-9B03C5094FBA}
		{63377118-1732-46F8-A1D5-015E4E436E7E} = {68ACE85E-B8A7-4B12-BB35-4FF3B3DD88DE}
		{CC84FE76-8BB6-44D1-A691-43C5AA6BDE83} = {68ACE85E-B8A7-4B12-BB35-4FF3B3DD88DE}
		{1996BC3C-8D29-453F-AAAC-89BFC71B5A32} = {CC84FE76-8BB6-44D1-A691-43C5AA6BDE83}
		{2F8875C4-BDB5-4BF7-A667-C78CCD254343} = {63377118-1732-46F8-A1D5-015E4E436E7E}
		{6894D337-E518-4100-A583-9C3FAED6FEDA} = {45B40CC8-354B-47CE-9BFC-3DC20882DE7A}
		{E5A135B5-36D3-4083-95A6-D42B974D5931} = {5C29BE47-9E37-4D99-AF58-9B03C5094FBA}
		{D09EB261-6BCC-47C4-9CA0-38126A7D22ED} = {45B40CC8-354B-47CE-9BFC-3DC20882DE7A}
		{AB742B49-C0DE-4363-AC4A-C436FFFFB5B1} = {497528AC-25BB-419B-8229-3F06FF710A30}
		{61F42A77-9C41-446B-9C1F-D3D84241BB6C} = {53F5A8F5-D0C3-4493-AAC8-7DE866386989}
		{054F68BC-218E-4163-8A06-D56911F73F2B} = {1BA5AADA-C869-4AB4-911F-DE80E663EC05}
		{D3F07D4E-5244-462D-8214-6CB34B5AADA0} = {63377118-1732-46F8-A1D5-015E4E436E7E}
	EndGlobalSection
	GlobalSection(ExtensibilityGlobals) = postSolution
		SolutionGuid = {860ACAD2-0459-45A3-A7C7-633229B1C9EC}
	EndGlobalSection
EndGlobal
